
Microsoft Visual Studio Solution File, Format Version 12.00
# Visual Studio 15
VisualStudioVersion = 15.0.28307.1705
MinimumVisualStudioVersion = 10.0.40219.1
Project("{FAE04EC0-301F-11D3-BF4B-00C04F79EFBC}") = "NetCdfDemo", "NetCdfDemo\NetCdfDemo.csproj", "{65816F60-8C60-4F63-8522-77C69DF2E49A}"
EndProject
Global
	GlobalSection(SolutionConfigurationPlatforms) = preSolution
		Debug|Any CPU = Debug|Any CPU
		Release|Any CPU = Release|Any CPU
	EndGlobalSection
	GlobalSection(ProjectConfigurationPlatforms) = postSolution
		{65816F60-8C60-4F63-8522-77C69DF2E49A}.Debug|Any CPU.ActiveCfg = Debug|Any CPU
		{65816F60-8C60-4F63-8522-77C69DF2E49A}.Debug|Any CPU.Build.0 = Debug|Any CPU
		{65816F60-8C60-4F63-8522-77C69DF2E49A}.Release|Any CPU.ActiveCfg = Release|Any CPU
		{65816F60-8C60-4F63-8522-77C69DF2E49A}.Release|Any CPU.Build.0 = Release|Any CPU
	EndGlobalSection
	GlobalSection(SolutionProperties) = preSolution
		HideSolutionNode = FALSE
	EndGlobalSection
	GlobalSection(ExtensibilityGlobals) = postSolution
		SolutionGuid = {CEECB678-FDD3-4097-987E-5D5BB3081D88}
	EndGlobalSection
EndGlobal
